PODS:
  - Alamofire (4.9.1)
  - Firebase/Core (6.14.0):
    - Firebase/CoreOnly
    - FirebaseAnalytics (= 6.1.7)
  - Firebase/CoreOnly (6.14.0):
    - FirebaseCore (= 6.5.0)
  - Firebase/DynamicLinks (6.14.0):
    - Firebase/CoreOnly
    - FirebaseDynamicLinks (~> 4.0.6)
  - Firebase/Messaging (6.14.0):
    - Firebase/CoreOnly
    - FirebaseMessaging (~> 4.1.10)
  - Firebase/RemoteConfig (6.14.0):
    - Firebase/CoreOnly
    - FirebaseRemoteConfig (~> 4.4.6)
  - FirebaseABTesting (3.1.2):
    - FirebaseAnalyticsInterop (~> 1.3)
    - FirebaseCore (~> 6.1)
    - Protobuf (>= 3.9.2, ~> 3.9)
  - FirebaseAnalytics (6.1.7):
    - FirebaseCore (~> 6.5)
    - FirebaseInstanceID (~> 4.2)
    - GoogleAppMeasurement (= 6.1.7)
    - GoogleUtilities/AppDelegateSwizzler (~> 6.0)
    - GoogleUtilities/MethodSwizzler (~> 6.0)
    - GoogleUtilities/Network (~> 6.0)
    - "GoogleUtilities/NSData+zlib (~> 6.0)"
    - nanopb (= 0.3.9011)
  - FirebaseAnalyticsInterop (1.4.0)
  - FirebaseCore (6.5.0):
    - FirebaseCoreDiagnostics (~> 1.0)
    - FirebaseCoreDiagnosticsInterop (~> 1.0)
    - GoogleUtilities/Environment (~> 6.4)
    - GoogleUtilities/Logger (~> 6.4)
  - FirebaseCoreDiagnostics (1.1.2):
    - FirebaseCoreDiagnosticsInterop (~> 1.0)
    - GoogleDataTransportCCTSupport (~> 1.0)
    - GoogleUtilities/Environment (~> 6.2)
    - GoogleUtilities/Logger (~> 6.2)
    - nanopb (~> 0.3.901)
  - FirebaseCoreDiagnosticsInterop (1.1.0)
  - FirebaseDynamicLinks (4.0.6):
    - FirebaseAnalyticsInterop (~> 1.3)
    - FirebaseCore (~> 6.2)
  - FirebaseInstanceID (4.2.8):
    - FirebaseCore (~> 6.5)
    - GoogleUtilities/Environment (~> 6.4)
    - GoogleUtilities/UserDefaults (~> 6.4)
  - FirebaseMessaging (4.1.10):
    - FirebaseAnalyticsInterop (~> 1.3)
    - FirebaseCore (~> 6.2)
    - FirebaseInstanceID (~> 4.1)
    - GoogleUtilities/AppDelegateSwizzler (~> 6.2)
    - GoogleUtilities/Environment (~> 6.2)
    - GoogleUtilities/Reachability (~> 6.2)
    - GoogleUtilities/UserDefaults (~> 6.2)
    - Protobuf (>= 3.9.2, ~> 3.9)
  - FirebaseRemoteConfig (4.4.6):
    - FirebaseABTesting (~> 3.1)
    - FirebaseAnalyticsInterop (~> 1.4)
    - FirebaseCore (~> 6.2)
    - FirebaseInstanceID (~> 4.2)
    - GoogleUtilities/Environment (~> 6.2)
    - "GoogleUtilities/NSData+zlib (~> 6.2)"
    - Protobuf (>= 3.9.2, ~> 3.9)
  - GoogleAppMeasurement (6.1.7):
    - GoogleUtilities/AppDelegateSwizzler (~> 6.0)
    - GoogleUtilities/MethodSwizzler (~> 6.0)
    - GoogleUtilities/Network (~> 6.0)
    - "GoogleUtilities/NSData+zlib (~> 6.0)"
    - nanopb (= 0.3.9011)
  - GoogleDataTransport (3.2.0)
  - GoogleDataTransportCCTSupport (1.2.3):
    - GoogleDataTransport (~> 3.2)
    - nanopb (~> 0.3.901)
  - GoogleUtilities/AppDelegateSwizzler (6.4.0):
    - GoogleUtilities/Environment
    - GoogleUtilities/Logger
    - GoogleUtilities/Network
  - GoogleUtilities/Environment (6.4.0)
  - GoogleUtilities/Logger (6.4.0):
    - GoogleUtilities/Environment
  - GoogleUtilities/MethodSwizzler (6.4.0):
    - GoogleUtilities/Logger
  - GoogleUtilities/Network (6.4.0):
    - GoogleUtilities/Logger
    - "GoogleUtilities/NSData+zlib"
    - GoogleUtilities/Reachability
  - "GoogleUtilities/NSData+zlib (6.4.0)"
  - GoogleUtilities/Reachability (6.4.0):
    - GoogleUtilities/Logger
  - GoogleUtilities/UserDefaults (6.4.0):
    - GoogleUtilities/Logger
  - KRActivityIndicatorView (3.0.4)
  - KRProgressHUD (3.4.4):
    - KRActivityIndicatorView (= 3.0.4)
  - Localize-Swift (3.1.0)
  - nanopb (0.3.9011):
    - nanopb/decode (= 0.3.9011)
    - nanopb/encode (= 0.3.9011)
  - nanopb/decode (0.3.9011)
  - nanopb/encode (0.3.9011)
  - Protobuf (3.11.2)
  - Sentry (4.4.3):
    - Sentry/Core (= 4.4.3)
  - Sentry/Core (4.4.3)
  - SiFUtilities (4.0.13):
    - SiFUtilities/Default (= 4.0.13)
  - SiFUtilities/CommandLineTool (4.0.13)
  - SiFUtilities/Core (4.0.13)
  - SiFUtilities/Default (4.0.13):
    - SiFUtilities/Core
    - SiFUtilities/Endpoint
    - SiFUtilities/Helpers
    - SiFUtilities/IBDesignable
    - SiFUtilities/KeyValue
    - SiFUtilities/Loading
    - SiFUtilities/Localize
    - SiFUtilities/Nib
    - SiFUtilities/Runtime
    - SiFUtilities/Show
    - SiFUtilities/WeakObject
  - SiFUtilities/Endpoint (4.0.13)
  - SiFUtilities/Helpers (4.0.13)
  - SiFUtilities/IBDesignable (4.0.13):
    - SiFUtilities/Core
  - SiFUtilities/KeyValue (4.0.13)
  - SiFUtilities/Loading (4.0.13)
  - SiFUtilities/Localize (4.0.13):
    - Localize-Swift
  - SiFUtilities/Nib (4.0.13):
    - SiFUtilities/Core
  - SiFUtilities/Runtime (4.0.13)
  - SiFUtilities/Show (4.0.13):
    - SiFUtilities/Core
    - SiFUtilities/Localize
  - SiFUtilities/WeakObject (4.0.13)
  - SwiftyJSON (5.0.0)
  - SwiftyRSA (1.5.0):
    - SwiftyRSA/ObjC (= 1.5.0)
  - SwiftyRSA/ObjC (1.5.0)

DEPENDENCIES:
  - Alamofire
  - Firebase/Core
  - Firebase/DynamicLinks
  - Firebase/Messaging
  - Firebase/RemoteConfig
  - KRProgressHUD
  - Sentry
  - SiFUtilities (~> 4.0.0)
  - SiFUtilities/CommandLineTool (~> 4.0.0)
  - SwiftyJSON
  - SwiftyRSA

SPEC REPOS:
  trunk:
    - Alamofire
    - Firebase
    - FirebaseABTesting
    - FirebaseAnalytics
    - FirebaseAnalyticsInterop
    - FirebaseCore
    - FirebaseCoreDiagnostics
    - FirebaseCoreDiagnosticsInterop
    - FirebaseDynamicLinks
    - FirebaseInstanceID
    - FirebaseMessaging
    - FirebaseRemoteConfig
    - GoogleAppMeasurement
    - GoogleDataTransport
    - GoogleDataTransportCCTSupport
    - GoogleUtilities
    - KRActivityIndicatorView
    - KRProgressHUD
    - Localize-Swift
    - nanopb
    - Protobuf
    - Sentry
    - SiFUtilities
    - SwiftyJSON
    - SwiftyRSA

SPEC CHECKSUMS:
  Alamofire: 85e8a02c69d6020a0d734f6054870d7ecb75cf18
  Firebase: 0219bb4782eb1406f1b9b0628a2e625484ce910d
  FirebaseABTesting: 0d10f3cdc3fa00f3f175b5b56c1003c8e888299f
  FirebaseAnalytics: f68b9f3f1241385129ae0a83b63627fc420c05e5
  FirebaseAnalyticsInterop: d48b6ab67bcf016a05e55b71fc39c61c0cb6b7f3
  FirebaseCore: 632e05cc5e1199d9147122c16d92305eb04c34bd
  FirebaseCoreDiagnostics: 511f4f3ed7d440bb69127e8b97c2bc8befae639e
  FirebaseCoreDiagnosticsInterop: e9b1b023157e3a2fc6418b5cb601e79b9af7b3a0
  FirebaseDynamicLinks: 5ba2a0d46ba1615c6c08819fc964c495ca1d0845
  FirebaseInstanceID: ce993a3c3670a8f5d47ce371ac5d143c560608c5
  FirebaseMessaging: 089b7a4991425783384acc8bcefcd78c0af913bd
  FirebaseRemoteConfig: c11d74d8b1ff8463b587fc8899d92ee089f9a691
  GoogleAppMeasurement: db118eb61a97dd8c4f7014e368d3c335cbbcf80a
  GoogleDataTransport: 8e9b210c97d55fbff306cc5468ff91b9cb32dcf5
  GoogleDataTransportCCTSupport: 202d7cdf9c4a7d81a2bb7f7e7e1ba6faa421b1f2
  GoogleUtilities: 29bd0d8f850efbd28cff6d99e8b7da1f8d236bcf
  KRActivityIndicatorView: 549db10b9578d58bac73db063d8b544e8970f7f2
  KRProgressHUD: c3b9a48a0ee4824ea13212ac3f1efa50dca021e3
  Localize-Swift: 4bed4f0ccac8be2ec3517ee359da80ba2adb0fae
  nanopb: 18003b5e52dab79db540fe93fe9579f399bd1ccd
  Protobuf: dd1aaea7140debfe4dd0683fb8ef208e527ae153
  Sentry: 14bdd673870e8cf64932b149fad5bbbf39a9b390
  SiFUtilities: f00c5d85364d5e40517efe5fc7de03e8b56c0cba
  SwiftyJSON: 36413e04c44ee145039d332b4f4e2d3e8d6c4db7
  SwiftyRSA: 6e528fb1b1a87d5111c48081083b141d6d65f1cf

PODFILE CHECKSUM: 92c9ff38072bcc5333c94fe5dbb5c7e29423ffe0

COCOAPODS: 1.9.0.beta.2
